{
  "name": "@vluzko/tndarray",
  "version": "1.0.0",
  "lockfileVersion": 1,
  "requires": true,
  "dependencies": {
    "jasmine": {
      "version": "2.7.0",
      "resolved": "https://registry.npmjs.org/jasmine/-/jasmine-2.7.0.tgz",
      "integrity": "sha1-XPC7TllLRgC7QjVWA2YhKsWuobI=",
      "requires": {
        "exit": "0.1.2",
        "glob": "7.1.2",
        "jasmine-core": "2.7.0"
      },
      "dependencies": {
        "balanced-match": {
          "version": "1.0.0",
          "bundled": true
        },
        "brace-expansion": {
          "version": "1.1.8",
          "bundled": true,
          "requires": {
            "balanced-match": "1.0.0",
            "concat-map": "0.0.1"
          }
        },
        "concat-map": {
          "version": "0.0.1",
          "bundled": true
        },
        "exit": {
          "version": "0.1.2",
          "bundled": true
        },
        "fs.realpath": {
          "version": "1.0.0",
          "bundled": true
        },
        "glob": {
          "version": "7.1.2",
          "bundled": true,
          "requires": {
            "fs.realpath": "1.0.0",
            "inflight": "1.0.6",
            "inherits": "2.0.3",
            "minimatch": "3.0.4",
            "once": "1.4.0",
            "path-is-absolute": "1.0.1"
          }
        },
        "inflight": {
          "version": "1.0.6",
          "bundled": true,
          "requires": {
            "once": "1.4.0",
            "wrappy": "1.0.2"
          }
        },
        "inherits": {
          "version": "2.0.3",
          "bundled": true
        },
        "jasmine-core": {
          "version": "2.7.0",
          "bundled": true
        },
        "minimatch": {
          "version": "3.0.4",
          "bundled": true,
          "requires": {
            "brace-expansion": "1.1.8"
          }
        },
        "once": {
          "version": "1.4.0",
          "bundled": true,
          "requires": {
            "wrappy": "1.0.2"
          }
        },
        "path-is-absolute": {
          "version": "1.0.1",
          "bundled": true
        },
        "wrappy": {
          "version": "1.0.2",
          "bundled": true
        }
      }
    },
    "jsverify": {
      "version": "0.8.3",
      "resolved": "https://registry.npmjs.org/jsverify/-/jsverify-0.8.3.tgz",
      "integrity": "sha1-AukXjhkktar5WcAjmvhO1cbQc4w=",
      "dev": true,
      "requires": {
        "lazy-seq": "1.0.0",
        "rc4": "0.1.5",
        "trampa": "1.0.0",
        "typify-parser": "1.1.0"
      }
    },
    "lazy-seq": {
      "version": "1.0.0",
      "resolved": "https://registry.npmjs.org/lazy-seq/-/lazy-seq-1.0.0.tgz",
      "integrity": "sha1-iAy4qrJWAmOC4C9T7AiWgqdMW2o=",
      "dev": true
    },
    "rc4": {
      "version": "0.1.5",
      "resolved": "https://registry.npmjs.org/rc4/-/rc4-0.1.5.tgz",
      "integrity": "sha1-CMbgSgFo9utiHCKrbLEVG9n0pk0=",
      "dev": true
    },
    "trampa": {
      "version": "1.0.0",
      "resolved": "https://registry.npmjs.org/trampa/-/trampa-1.0.0.tgz",
      "integrity": "sha1-Ukc0esM0gH+mwAAERMuRtjmECtU=",
      "dev": true
    },
    "typify-parser": {
      "version": "1.1.0",
      "resolved": "https://registry.npmjs.org/typify-parser/-/typify-parser-1.1.0.tgz",
      "integrity": "sha1-rHO/pfJTQ0aOLQ8zRsYRe8A9PJk=",
      "dev": true
    }
  }
}
